
Microsoft Visual Studio Solution File, Format Version 12.00
# Visual Studio Version 17
VisualStudioVersion = 17.12.35707.178
MinimumVisualStudioVersion = 10.0.40219.1
Project("{2150E333-8FDC-42A3-9474-1A3956D46DE8}") = "Solution Items", "Solution Items", "{5F8EE137-80B7-4E3C-A432-3D2F79C2B896}"
	ProjectSection(SolutionItems) = preProject
		.gitignore = .gitignore
		.github\workflows\clickonce.yml = .github\workflows\clickonce.yml
		nuget.config = nuget.config
	EndProjectSection
EndProject
Project("{FAE04EC0-301F-11D3-BF4B-00C04F79EFBC}") = "GopsDailySheet", "app\GopsDailySheet.csproj", "{B9DD1691-90DB-4F05-A209-95A7DC119419}"
EndProject
Global
	GlobalSection(SolutionConfigurationPlatforms) = preSolution
		Debug|Any CPU = Debug|Any CPU
		Debug|x86 = Debug|x86
		Release|Any CPU = Release|Any CPU
		Release|x86 = Release|x86
	EndGlobalSection
	GlobalSection(ProjectConfigurationPlatforms) = postSolution
		{B9DD1691-90DB-4F05-A209-95A7DC119419}.Debug|Any CPU.ActiveCfg = Debug|Any CPU
		{B9DD1691-90DB-4F05-A209-95A7DC119419}.Debug|Any CPU.Build.0 = Debug|Any CPU
		{B9DD1691-90DB-4F05-A209-95A7DC119419}.Debug|x86.ActiveCfg = Debug|Win32
		{B9DD1691-90DB-4F05-A209-95A7DC119419}.Debug|x86.Build.0 = Debug|Win32
		{B9DD1691-90DB-4F05-A209-95A7DC119419}.Release|Any CPU.ActiveCfg = Release|Any CPU
		{B9DD1691-90DB-4F05-A209-95A7DC119419}.Release|Any CPU.Build.0 = Release|Any CPU
		{B9DD1691-90DB-4F05-A209-95A7DC119419}.Release|x86.ActiveCfg = Release|Win32
		{B9DD1691-90DB-4F05-A209-95A7DC119419}.Release|x86.Build.0 = Release|Win32
	EndGlobalSection
	GlobalSection(SolutionProperties) = preSolution
		HideSolutionNode = FALSE
	EndGlobalSection
	GlobalSection(ExtensibilityGlobals) = postSolution
		SolutionGuid = {0625EFBF-C790-413B-BE39-97C70FAFA4DA}
	EndGlobalSection
EndGlobal
