
Microsoft Visual Studio Solution File, Format Version 12.00
# Visual Studio 15
VisualStudioVersion = 15.0.27703.2042
MinimumVisualStudioVersion = 10.0.40219.1
Project("{FAE04EC0-301F-11D3-BF4B-00C04F79EFBC}") = "GopsDailySheet", "GopsDailySheet.csproj", "{B9DD1691-90DB-4F05-A209-95A7DC119419}"
EndProject
Project("{2150E333-8FDC-42A3-9474-1A3956D46DE8}") = "Solution Items", "Solution Items", "{5F8EE137-80B7-4E3C-A432-3D2F79C2B896}"
	ProjectSection(SolutionItems) = preProject
		.gitignore = .gitignore
	EndProjectSection
EndProject
Global
	GlobalSection(SolutionConfigurationPlatforms) = preSolution
		Debug|Any CPU = Debug|Any CPU
		Release|Any CPU = Release|Any CPU
	EndGlobalSection
	GlobalSection(ProjectConfigurationPlatforms) = postSolution
		{B9DD1691-90DB-4F05-A209-95A7DC119419}.Debug|Any CPU.ActiveCfg = Debug|Any CPU
		{B9DD1691-90DB-4F05-A209-95A7DC119419}.Debug|Any CPU.Build.0 = Debug|Any CPU
		{B9DD1691-90DB-4F05-A209-95A7DC119419}.Release|Any CPU.ActiveCfg = Release|Any CPU
		{B9DD1691-90DB-4F05-A209-95A7DC119419}.Release|Any CPU.Build.0 = Release|Any CPU
	EndGlobalSection
	GlobalSection(SolutionProperties) = preSolution
		HideSolutionNode = FALSE
	EndGlobalSection
	GlobalSection(ExtensibilityGlobals) = postSolution
		SolutionGuid = {0625EFBF-C790-413B-BE39-97C70FAFA4DA}
	EndGlobalSection
EndGlobal
